
Microsoft Visual Studio Solution File, Format Version 12.00
# Visual Studio Version 16
VisualStudioVersion = 16.0.30907.101
MinimumVisualStudioVersion = 10.0.40219.1
Project("{FAE04EC0-301F-11D3-BF4B-00C04F79EFBC}") = "Business", "Business\Business.csproj", "{98499D30-0610-49E1-A82E-39A3B65AEDB9}"
EndProject
Project("{FAE04EC0-301F-11D3-BF4B-00C04F79EFBC}") = "DataAccess", "DataAccess\DataAccess.csproj", "{6A197A5A-48A1-44C0-A2F1-66814B85BB9A}"
EndProject
Project("{FAE04EC0-301F-11D3-BF4B-00C04F79EFBC}") = "Entities", "Entities\Entities.csproj", "{13F3FC52-EF8B-424B-9859-DE7C5A26BA70}"
EndProject
Project("{FAE04EC0-301F-11D3-BF4B-00C04F79EFBC}") = "ConsoleUI", "ConsoleUI\ConsoleUI.csproj", "{AB9B24D9-BCB1-4391-AF19-DC80810E748C}"
EndProject
Global
	GlobalSection(SolutionConfigurationPlatforms) = preSolution
		Debug|Any CPU = Debug|Any CPU
		Release|Any CPU = Release|Any CPU
	EndGlobalSection
	GlobalSection(ProjectConfigurationPlatforms) = postSolution
		{98499D30-0610-49E1-A82E-39A3B65AEDB9}.Debug|Any CPU.ActiveCfg = Debug|Any CPU
		{98499D30-0610-49E1-A82E-39A3B65AEDB9}.Debug|Any CPU.Build.0 = Debug|Any CPU
		{98499D30-0610-49E1-A82E-39A3B65AEDB9}.Release|Any CPU.ActiveCfg = Release|Any CPU
		{98499D30-0610-49E1-A82E-39A3B65AEDB9}.Release|Any CPU.Build.0 = Release|Any CPU
		{6A197A5A-48A1-44C0-A2F1-66814B85BB9A}.Debug|Any CPU.ActiveCfg = Debug|Any CPU
		{6A197A5A-48A1-44C0-A2F1-66814B85BB9A}.Debug|Any CPU.Build.0 = Debug|Any CPU
		{6A197A5A-48A1-44C0-A2F1-66814B85BB9A}.Release|Any CPU.ActiveCfg = Release|Any CPU
		{6A197A5A-48A1-44C0-A2F1-66814B85BB9A}.Release|Any CPU.Build.0 = Release|Any CPU
		{13F3FC52-EF8B-424B-9859-DE7C5A26BA70}.Debug|Any CPU.ActiveCfg = Debug|Any CPU
		{13F3FC52-EF8B-424B-9859-DE7C5A26BA70}.Debug|Any CPU.Build.0 = Debug|Any CPU
		{13F3FC52-EF8B-424B-9859-DE7C5A26BA70}.Release|Any CPU.ActiveCfg = Release|Any CPU
		{13F3FC52-EF8B-424B-9859-DE7C5A26BA70}.Release|Any CPU.Build.0 = Release|Any CPU
		{AB9B24D9-BCB1-4391-AF19-DC80810E748C}.Debug|Any CPU.ActiveCfg = Debug|Any CPU
		{AB9B24D9-BCB1-4391-AF19-DC80810E748C}.Debug|Any CPU.Build.0 = Debug|Any CPU
		{AB9B24D9-BCB1-4391-AF19-DC80810E748C}.Release|Any CPU.ActiveCfg = Release|Any CPU
		{AB9B24D9-BCB1-4391-AF19-DC80810E748C}.Release|Any CPU.Build.0 = Release|Any CPU
	EndGlobalSection
	GlobalSection(SolutionProperties) = preSolution
		HideSolutionNode = FALSE
	EndGlobalSection
	GlobalSection(ExtensibilityGlobals) = postSolution
		SolutionGuid = {F8CFF900-4F74-4893-AAF2-3B23A238E12D}
	EndGlobalSection
EndGlobal
